
Microsoft Visual Studio Solution File, Format Version 12.00
# Visual Studio 15
VisualStudioVersion = 15.0.27004.2005
MinimumVisualStudioVersion = 10.0.40219.1
Project("{FAE04EC0-301F-11D3-BF4B-00C04F79EFBC}") = "Speq", "Speq\Speq.csproj", "{742A2930-C415-4AEB-A66B-BC0B68C469A9}"
EndProject
Global
	GlobalSection(SolutionConfigurationPlatforms) = preSolution
		Debug|Any CPU = Debug|Any CPU
		Release|Any CPU = Release|Any CPU
	EndGlobalSection
	GlobalSection(ProjectConfigurationPlatforms) = postSolution
		{742A2930-C415-4AEB-A66B-BC0B68C469A9}.Debug|Any CPU.ActiveCfg = Debug|Any CPU
		{742A2930-C415-4AEB-A66B-BC0B68C469A9}.Debug|Any CPU.Build.0 = Debug|Any CPU
		{742A2930-C415-4AEB-A66B-BC0B68C469A9}.Release|Any CPU.ActiveCfg = Release|Any CPU
		{742A2930-C415-4AEB-A66B-BC0B68C469A9}.Release|Any CPU.Build.0 = Release|Any CPU
	EndGlobalSection
	GlobalSection(SolutionProperties) = preSolution
		HideSolutionNode = FALSE
	EndGlobalSection
	GlobalSection(ExtensibilityGlobals) = postSolution
		SolutionGuid = {63AF7A21-D4F3-4E31-AF44-D41AA00849A8}
	EndGlobalSection
EndGlobal
